// !$*UTF8*$!
{
	archiveVersion = 1;
	classes = {
	};
	objectVersion = 46;
	objects = {

/* Begin PBXAggregateTarget section */
		D196CE611CC8E94A0048EC75 /* ReactNativeCameraKit-Universal */ = {
			isa = PBXAggregateTarget;
			buildConfigurationList = D196CE651CC8E94A0048EC75 /* Build configuration list for PBXAggregateTarget "ReactNativeCameraKit-Universal" */;
			buildPhases = (
				D196CE661CC8E96D0048EC75 /* ShellScript */,
			);
			dependencies = (
			);
			name = "ReactNativeCameraKit-Universal";
			productName = "ReactNativeCameraKit-Universal";
		};
/* End PBXAggregateTarget section */

/* Begin PBXBuildFile section */
		BA66357241066F0BB65938FE /* Pods_ReactNativeCameraKit.framework in Frameworks */ = {isa = PBXBuildFile; fileRef = 3DAA801FB78413BDC44F6405 /* Pods_ReactNativeCameraKit.framework */; };
		D196CEAF1CC914720048EC75 /* ImagePickerSheetController.framework in CopyFiles */ = {isa = PBXBuildFile; fileRef = D196CEAE1CC914720048EC75 /* ImagePickerSheetController.framework */; settings = {ATTRIBUTES = (CodeSignOnCopy, RemoveHeadersOnCopy, ); }; };
		D1BAAEAA1CC675DB00A2B083 /* ReactNativeCameraKit.h in Headers */ = {isa = PBXBuildFile; fileRef = D1BAAEA91CC675DB00A2B083 /* ReactNativeCameraKit.h */; settings = {ATTRIBUTES = (Public, ); }; };
		D1BAAEBA1CC676D900A2B083 /* CameraSessionManager.swift in Sources */ = {isa = PBXBuildFile; fileRef = D1BAAEB11CC676D900A2B083 /* CameraSessionManager.swift */; };
		D1BAAEBB1CC676D900A2B083 /* CameraViewController.swift in Sources */ = {isa = PBXBuildFile; fileRef = D1BAAEB21CC676D900A2B083 /* CameraViewController.swift */; };
		D1BAAEBC1CC676D900A2B083 /* CameraViewControllerDelegate.swift in Sources */ = {isa = PBXBuildFile; fileRef = D1BAAEB31CC676D900A2B083 /* CameraViewControllerDelegate.swift */; };
		D1BAAEBD1CC676D900A2B083 /* CropHelper.swift in Sources */ = {isa = PBXBuildFile; fileRef = D1BAAEB41CC676D900A2B083 /* CropHelper.swift */; };
		D1BAAEBE1CC676D900A2B083 /* PhotoViewController.swift in Sources */ = {isa = PBXBuildFile; fileRef = D1BAAEB51CC676D900A2B083 /* PhotoViewController.swift */; };
		D1BAAEBF1CC676D900A2B083 /* PhotoViewControllerDelegate.swift in Sources */ = {isa = PBXBuildFile; fileRef = D1BAAEB61CC676D900A2B083 /* PhotoViewControllerDelegate.swift */; };
		D1BAAEC21CC676D900A2B083 /* ReactNativeCameraKit.swift in Sources */ = {isa = PBXBuildFile; fileRef = D1BAAEB91CC676D900A2B083 /* ReactNativeCameraKit.swift */; };
		D1F867CB1CC7BE4300BF18B0 /* libReact.a in Frameworks */ = {isa = PBXBuildFile; fileRef = D1F867CA1CC7BD1D00BF18B0 /* libReact.a */; };
/* End PBXBuildFile section */

/* Begin PBXContainerItemProxy section */
		D1F867C91CC7BD1D00BF18B0 /* PBXContainerItemProxy */ = {
			isa = PBXContainerItemProxy;
			containerPortal = D1F867C51CC7BD1D00BF18B0 /* React.xcodeproj */;
			proxyType = 2;
			remoteGlobalIDString = 83CBBA2E1A601D0E00E9B192;
			remoteInfo = React;
		};
/* End PBXContainerItemProxy section */

/* Begin PBXCopyFilesBuildPhase section */
		D196CE801CC902EB0048EC75 /* CopyFiles */ = {
			isa = PBXCopyFilesBuildPhase;
			buildActionMask = 2147483647;
			dstPath = "";
			dstSubfolderSpec = 10;
			files = (
				D196CEAF1CC914720048EC75 /* ImagePickerSheetController.framework in CopyFiles */,
			);
			runOnlyForDeploymentPostprocessing = 0;
		};
/* End PBXCopyFilesBuildPhase section */

/* Begin PBXFileReference section */
		3DAA801FB78413BDC44F6405 /* Pods_ReactNativeCameraKit.framework */ = {isa = PBXFileReference; explicitFileType = wrapper.framework; includeInIndex = 0; path = Pods_ReactNativeCameraKit.framework; sourceTree = BUILT_PRODUCTS_DIR; };
		AD3B7ABF4FBBA3C6E4FB0FC1 /* Pods-ReactNativeCameraKit.release.xcconfig */ = {isa = PBXFileReference; includeInIndex = 1; lastKnownFileType = text.xcconfig; name = "Pods-ReactNativeCameraKit.release.xcconfig"; path = "Pods/Target Support Files/Pods-ReactNativeCameraKit/Pods-ReactNativeCameraKit.release.xcconfig"; sourceTree = "<group>"; };
		B8CC214AAA792FC552EDF81B /* Pods-ReactNativeCameraKit.debug.xcconfig */ = {isa = PBXFileReference; includeInIndex = 1; lastKnownFileType = text.xcconfig; name = "Pods-ReactNativeCameraKit.debug.xcconfig"; path = "Pods/Target Support Files/Pods-ReactNativeCameraKit/Pods-ReactNativeCameraKit.debug.xcconfig"; sourceTree = "<group>"; };
		D196CEAE1CC914720048EC75 /* ImagePickerSheetController.framework */ = {isa = PBXFileReference; explicitFileType = wrapper.framework; path = ImagePickerSheetController.framework; sourceTree = SOURCE_ROOT; };
		D1BAAEA61CC675DB00A2B083 /* ReactNativeCameraKit.framework */ = {isa = PBXFileReference; explicitFileType = wrapper.framework; includeInIndex = 0; path = ReactNativeCameraKit.framework; sourceTree = BUILT_PRODUCTS_DIR; };
		D1BAAEA91CC675DB00A2B083 /* ReactNativeCameraKit.h */ = {isa = PBXFileReference; lastKnownFileType = sourcecode.c.h; path = ReactNativeCameraKit.h; sourceTree = "<group>"; };
		D1BAAEAB1CC675DB00A2B083 /* Info.plist */ = {isa = PBXFileReference; lastKnownFileType = text.plist.xml; path = Info.plist; sourceTree = "<group>"; };
		D1BAAEB11CC676D900A2B083 /* CameraSessionManager.swift */ = {isa = PBXFileReference; fileEncoding = 4; lastKnownFileType = sourcecode.swift; path = CameraSessionManager.swift; sourceTree = "<group>"; };
		D1BAAEB21CC676D900A2B083 /* CameraViewController.swift */ = {isa = PBXFileReference; fileEncoding = 4; lastKnownFileType = sourcecode.swift; path = CameraViewController.swift; sourceTree = "<group>"; };
		D1BAAEB31CC676D900A2B083 /* CameraViewControllerDelegate.swift */ = {isa = PBXFileReference; fileEncoding = 4; lastKnownFileType = sourcecode.swift; path = CameraViewControllerDelegate.swift; sourceTree = "<group>"; };
		D1BAAEB41CC676D900A2B083 /* CropHelper.swift */ = {isa = PBXFileReference; fileEncoding = 4; lastKnownFileType = sourcecode.swift; path = CropHelper.swift; sourceTree = "<group>"; };
		D1BAAEB51CC676D900A2B083 /* PhotoViewController.swift */ = {isa = PBXFileReference; fileEncoding = 4; lastKnownFileType = sourcecode.swift; path = PhotoViewController.swift; sourceTree = "<group>"; };
		D1BAAEB61CC676D900A2B083 /* PhotoViewControllerDelegate.swift */ = {isa = PBXFileReference; fileEncoding = 4; lastKnownFileType = sourcecode.swift; path = PhotoViewControllerDelegate.swift; sourceTree = "<group>"; };
		D1BAAEB91CC676D900A2B083 /* ReactNativeCameraKit.swift */ = {isa = PBXFileReference; fileEncoding = 4; lastKnownFileType = sourcecode.swift; path = ReactNativeCameraKit.swift; sourceTree = "<group>"; };
		D1F867C51CC7BD1D00BF18B0 /* React.xcodeproj */ = {isa = PBXFileReference; lastKnownFileType = "wrapper.pb-project"; name = React.xcodeproj; path = "node_modules/react-native/React/React.xcodeproj"; sourceTree = "<group>"; };
		D1F867DA1CC7D19B00BF18B0 /* module.map */ = {isa = PBXFileReference; fileEncoding = 4; lastKnownFileType = "sourcecode.module-map"; path = module.map; sourceTree = "<group>"; };
		D1F8687B1CC8E05300BF18B0 /* ImagePickerSheetController.framework */ = {isa = PBXFileReference; lastKnownFileType = wrapper.framework; name = ImagePickerSheetController.framework; path = "../../../Library/Developer/Xcode/DerivedData/ReactNativeCameraKit-fpljzkihqxhizzahurjedegfhsyg/Build/Products/Debug-iphonesimulator/ImagePickerSheetController.framework"; sourceTree = "<group>"; };
/* End PBXFileReference section */

/* Begin PBXFrameworksBuildPhase section */
		D1BAAEA21CC675DB00A2B083 /* Frameworks */ = {
			isa = PBXFrameworksBuildPhase;
			buildActionMask = 2147483647;
			files = (
				D1F867CB1CC7BE4300BF18B0 /* libReact.a in Frameworks */,
				BA66357241066F0BB65938FE /* Pods_ReactNativeCameraKit.framework in Frameworks */,
			);
			runOnlyForDeploymentPostprocessing = 0;
		};
/* End PBXFrameworksBuildPhase section */

/* Begin PBXGroup section */
		9B2C9140BAFD521D1A2731D3 /* Frameworks */ = {
			isa = PBXGroup;
			children = (
				D1F8687B1CC8E05300BF18B0 /* ImagePickerSheetController.framework */,
				3DAA801FB78413BDC44F6405 /* Pods_ReactNativeCameraKit.framework */,
			);
			name = Frameworks;
			sourceTree = "<group>";
		};
		CC764B505BE32B56FD5F2DE4 /* Pods */ = {
			isa = PBXGroup;
			children = (
				B8CC214AAA792FC552EDF81B /* Pods-ReactNativeCameraKit.debug.xcconfig */,
				AD3B7ABF4FBBA3C6E4FB0FC1 /* Pods-ReactNativeCameraKit.release.xcconfig */,
			);
			name = Pods;
			sourceTree = "<group>";
		};
		D1BAAE9C1CC675DA00A2B083 = {
			isa = PBXGroup;
			children = (
				D196CEAE1CC914720048EC75 /* ImagePickerSheetController.framework */,
				D1BAAEE81CC76EBB00A2B083 /* Libraries */,
				D1BAAEA81CC675DB00A2B083 /* ReactNativeCameraKit */,
				D1BAAEA71CC675DB00A2B083 /* Products */,
				CC764B505BE32B56FD5F2DE4 /* Pods */,
				9B2C9140BAFD521D1A2731D3 /* Frameworks */,
			);
			sourceTree = "<group>";
		};
		D1BAAEA71CC675DB00A2B083 /* Products */ = {
			isa = PBXGroup;
			children = (
				D1BAAEA61CC675DB00A2B083 /* ReactNativeCameraKit.framework */,
			);
			name = Products;
			sourceTree = "<group>";
		};
		D1BAAEA81CC675DB00A2B083 /* ReactNativeCameraKit */ = {
			isa = PBXGroup;
			children = (
				D1F867DB1CC7D27B00BF18B0 /* RCTBridgeModule */,
				D1BAAEB11CC676D900A2B083 /* CameraSessionManager.swift */,
				D1BAAEB21CC676D900A2B083 /* CameraViewController.swift */,
				D1BAAEB31CC676D900A2B083 /* CameraViewControllerDelegate.swift */,
				D1BAAEB41CC676D900A2B083 /* CropHelper.swift */,
				D1BAAEB51CC676D900A2B083 /* PhotoViewController.swift */,
				D1BAAEB61CC676D900A2B083 /* PhotoViewControllerDelegate.swift */,
				D1BAAEB91CC676D900A2B083 /* ReactNativeCameraKit.swift */,
				D1BAAEA91CC675DB00A2B083 /* ReactNativeCameraKit.h */,
				D1BAAEAB1CC675DB00A2B083 /* Info.plist */,
			);
			path = ReactNativeCameraKit;
			sourceTree = "<group>";
		};
		D1BAAEE81CC76EBB00A2B083 /* Libraries */ = {
			isa = PBXGroup;
			children = (
				D1F867C51CC7BD1D00BF18B0 /* React.xcodeproj */,
			);
			name = Libraries;
			sourceTree = "<group>";
		};
		D1F867C61CC7BD1D00BF18B0 /* Products */ = {
			isa = PBXGroup;
			children = (
				D1F867CA1CC7BD1D00BF18B0 /* libReact.a */,
			);
			name = Products;
			sourceTree = "<group>";
		};
		D1F867DB1CC7D27B00BF18B0 /* RCTBridgeModule */ = {
			isa = PBXGroup;
			children = (
				D1F867DA1CC7D19B00BF18B0 /* module.map */,
			);
			name = RCTBridgeModule;
			sourceTree = "<group>";
		};
/* End PBXGroup section */

/* Begin PBXHeadersBuildPhase section */
		D1BAAEA31CC675DB00A2B083 /* Headers */ = {
			isa = PBXHeadersBuildPhase;
			buildActionMask = 2147483647;
			files = (
				D1BAAEAA1CC675DB00A2B083 /* ReactNativeCameraKit.h in Headers */,
			);
			runOnlyForDeploymentPostprocessing = 0;
		};
/* End PBXHeadersBuildPhase section */

/* Begin PBXNativeTarget section */
		D1BAAEA51CC675DB00A2B083 /* ReactNativeCameraKit */ = {
			isa = PBXNativeTarget;
			buildConfigurationList = D1BAAEAE1CC675DB00A2B083 /* Build configuration list for PBXNativeTarget "ReactNativeCameraKit" */;
			buildPhases = (
				A19D144DA4DF7242DCDF6979 /* Check Pods Manifest.lock */,
				D1BAAEA11CC675DB00A2B083 /* Sources */,
				D1BAAEA21CC675DB00A2B083 /* Frameworks */,
				D1BAAEA31CC675DB00A2B083 /* Headers */,
				D1BAAEA41CC675DB00A2B083 /* Resources */,
				AF21737F93EB9D6348EB352E /* Copy Pods Resources */,
				D196CE801CC902EB0048EC75 /* CopyFiles */,
			);
			buildRules = (
			);
			dependencies = (
			);
			name = ReactNativeCameraKit;
			productName = ReactNativeCameraKit;
			productReference = D1BAAEA61CC675DB00A2B083 /* ReactNativeCameraKit.framework */;
			productType = "com.apple.product-type.framework";
		};
/* End PBXNativeTarget section */

/* Begin PBXProject section */
		D1BAAE9D1CC675DA00A2B083 /* Project object */ = {
			isa = PBXProject;
			attributes = {
				LastUpgradeCheck = 0730;
				ORGANIZATIONNAME = "Natalia Grankina";
				TargetAttributes = {
					D196CE611CC8E94A0048EC75 = {
						CreatedOnToolsVersion = 7.3;
						DevelopmentTeam = FALU6K28DC;
					};
					D1BAAEA51CC675DB00A2B083 = {
						CreatedOnToolsVersion = 7.3;
						DevelopmentTeam = FALU6K28DC;
					};
				};
			};
			buildConfigurationList = D1BAAEA01CC675DA00A2B083 /* Build configuration list for PBXProject "ReactNativeCameraKit" */;
			compatibilityVersion = "Xcode 3.2";
			developmentRegion = English;
			hasScannedForEncodings = 0;
			knownRegions = (
				en,
			);
			mainGroup = D1BAAE9C1CC675DA00A2B083;
			productRefGroup = D1BAAEA71CC675DB00A2B083 /* Products */;
			projectDirPath = "";
			projectReferences = (
				{
					ProductGroup = D1F867C61CC7BD1D00BF18B0 /* Products */;
					ProjectRef = D1F867C51CC7BD1D00BF18B0 /* React.xcodeproj */;
				},
			);
			projectRoot = "";
			targets = (
				D1BAAEA51CC675DB00A2B083 /* ReactNativeCameraKit */,
				D196CE611CC8E94A0048EC75 /* ReactNativeCameraKit-Universal */,
			);
		};
/* End PBXProject section */

/* Begin PBXReferenceProxy section */
		D1F867CA1CC7BD1D00BF18B0 /* libReact.a */ = {
			isa = PBXReferenceProxy;
			fileType = archive.ar;
			path = libReact.a;
			remoteRef = D1F867C91CC7BD1D00BF18B0 /* PBXContainerItemProxy */;
			sourceTree = BUILT_PRODUCTS_DIR;
		};
/* End PBXReferenceProxy section */

/* Begin PBXResourcesBuildPhase section */
		D1BAAEA41CC675DB00A2B083 /* Resources */ = {
			isa = PBXResourcesBuildPhase;
			buildActionMask = 2147483647;
			files = (
			);
			runOnlyForDeploymentPostprocessing = 0;
		};
/* End PBXResourcesBuildPhase section */

/* Begin PBXShellScriptBuildPhase section */
		A19D144DA4DF7242DCDF6979 /* Check Pods Manifest.lock */ = {
			isa = PBXShellScriptBuildPhase;
			buildActionMask = 2147483647;
			files = (
			);
			inputPaths = (
			);
			name = "Check Pods Manifest.lock";
			outputPaths = (
			);
			runOnlyForDeploymentPostprocessing = 0;
			shellPath = /bin/sh;
			shellScript = "diff \"${PODS_ROOT}/../Podfile.lock\" \"${PODS_ROOT}/Manifest.lock\" > /dev/null\nif [[ $? != 0 ]] ; then\n    cat << EOM\nerror: The sandbox is not in sync with the Podfile.lock. Run 'pod install' or update your CocoaPods installation.\nEOM\n    exit 1\nfi\n";
			showEnvVarsInLog = 0;
		};
		AF21737F93EB9D6348EB352E /* Copy Pods Resources */ = {
			isa = PBXShellScriptBuildPhase;
			buildActionMask = 2147483647;
			files = (
			);
			inputPaths = (
			);
			name = "Copy Pods Resources";
			outputPaths = (
			);
			runOnlyForDeploymentPostprocessing = 0;
			shellPath = /bin/sh;
			shellScript = "\"${SRCROOT}/Pods/Target Support Files/Pods-ReactNativeCameraKit/Pods-ReactNativeCameraKit-resources.sh\"\n";
			showEnvVarsInLog = 0;
		};
		D196CE661CC8E96D0048EC75 /* ShellScript */ = {
			isa = PBXShellScriptBuildPhase;
			buildActionMask = 2147483647;
			files = (
			);
			inputPaths = (
			);
			outputPaths = (
			);
			runOnlyForDeploymentPostprocessing = 0;
			shellPath = /bin/sh;
			shellScript = "######################\n# Options\n######################\n\nREVEAL_ARCHIVE_IN_FINDER=false\n\nFRAMEWORK_NAME=\"${PROJECT_NAME}\"\n\nSIMULATOR_LIBRARY_PATH=\"${BUILD_DIR}/${CONFIGURATION}-iphonesimulator/${FRAMEWORK_NAME}.framework\"\n\nDEVICE_LIBRARY_PATH=\"${BUILD_DIR}/${CONFIGURATION}-iphoneos/${FRAMEWORK_NAME}.framework\"\n\nUNIVERSAL_LIBRARY_DIR=\"${BUILD_DIR}/${CONFIGURATION}-iphoneuniversal\"\n\nFRAMEWORK=\"${UNIVERSAL_LIBRARY_DIR}/${FRAMEWORK_NAME}.framework\"\n\n\n######################\n# Build Frameworks\n######################\n\nxcodebuild -workspace ${PROJECT_NAME}.xcworkspace -scheme ${PROJECT_NAME} -sdk iphonesimulator -configuration ${CONFIGURATION} clean build CONFIGURATION_BUILD_DIR=${BUILD_DIR}/${CONFIGURATION}-iphonesimulator 2>&1\n\nxcodebuild -workspace ${PROJECT_NAME}.xcworkspace -scheme ${PROJECT_NAME} -sdk iphoneos -configuration ${CONFIGURATION} clean build CONFIGURATION_BUILD_DIR=${BUILD_DIR}/${CONFIGURATION}-iphoneos 2>&1\n\n######################\n# Create directory for universal\n######################\n\nrm -rf \"${UNIVERSAL_LIBRARY_DIR}\"\n\nmkdir \"${UNIVERSAL_LIBRARY_DIR}\"\n\nmkdir \"${FRAMEWORK}\"\n\n\n######################\n# Copy files Framework\n######################\n\ncp -r \"${DEVICE_LIBRARY_PATH}/.\" \"${FRAMEWORK}\"\n\n\n######################\n# Make an universal binary\n######################\n\nlipo \"${SIMULATOR_LIBRARY_PATH}/${FRAMEWORK_NAME}\" \"${DEVICE_LIBRARY_PATH}/${FRAMEWORK_NAME}\" -create -output \"${FRAMEWORK}/${FRAMEWORK_NAME}\" | echo\n\n# For Swift framework, Swiftmodule needs to be copied in the universal framework\nif [ -d \"${SIMULATOR_LIBRARY_PATH}/Modules/${FRAMEWORK_NAME}.swiftmodule/\" ]; then\ncp -f ${SIMULATOR_LIBRARY_PATH}/Modules/${FRAMEWORK_NAME}.swiftmodule/* \"${FRAMEWORK}/Modules/${FRAMEWORK_NAME}.swiftmodule/\" | echo\n                                                                      fi\n                                                                      \n                                                                      if [ -d \"${DEVICE_LIBRARY_PATH}/Modules/${FRAMEWORK_NAME}.swiftmodule/\" ]; then\n                                                                      cp -f ${DEVICE_LIBRARY_PATH}/Modules/${FRAMEWORK_NAME}.swiftmodule/* \"${FRAMEWORK}/Modules/${FRAMEWORK_NAME}.swiftmodule/\" | echo\n                                                                      fi\n                                                                      \n                                                                      ######################\n                                                                      # On Release, copy the result to release directory\n                                                                      ######################\n                                                                      OUTPUT_DIR=\"${PROJECT_DIR}/Output/${FRAMEWORK_NAME}-${CONFIGURATION}-iphoneuniversal/\"\n                                                                      \n                                                                      rm -rf \"$OUTPUT_DIR\"\n                                                                      mkdir -p \"$OUTPUT_DIR\"\n                                                                      \n                                                                      cp -r \"${FRAMEWORK}\" \"$OUTPUT_DIR\"\n                                                                      \n                                                                      if [ ${REVEAL_ARCHIVE_IN_FINDER} = true ]; then\n                                                                      open \"${OUTPUT_DIR}/\"\n                                                                      fi";
		};
/* End PBXShellScriptBuildPhase section */

/* Begin PBXSourcesBuildPhase section */
		D1BAAEA11CC675DB00A2B083 /* Sources */ = {
			isa = PBXSourcesBuildPhase;
			buildActionMask = 2147483647;
			files = (
				D1BAAEBA1CC676D900A2B083 /* CameraSessionManager.swift in Sources */,
				D1BAAEBB1CC676D900A2B083 /* CameraViewController.swift in Sources */,
				D1BAAEBC1CC676D900A2B083 /* CameraViewControllerDelegate.swift in Sources */,
				D1BAAEC21CC676D900A2B083 /* ReactNativeCameraKit.swift in Sources */,
				D1BAAEBD1CC676D900A2B083 /* CropHelper.swift in Sources */,
				D1BAAEBF1CC676D900A2B083 /* PhotoViewControllerDelegate.swift in Sources */,
				D1BAAEBE1CC676D900A2B083 /* PhotoViewController.swift in Sources */,
			);
			runOnlyForDeploymentPostprocessing = 0;
		};
/* End PBXSourcesBuildPhase section */

/* Begin XCBuildConfiguration section */
		D196CE621CC8E94A0048EC75 /* Debug */ = {
			isa = XCBuildConfiguration;
			buildSettings = {
				PRODUCT_NAME = "$(TARGET_NAME)";
			};
			name = Debug;
		};
		D196CE631CC8E94A0048EC75 /* Release */ = {
			isa = XCBuildConfiguration;
			buildSettings = {
				PRODUCT_NAME = "$(TARGET_NAME)";
			};
			name = Release;
		};
		D1BAAEAC1CC675DB00A2B083 /* Debug */ = {
			isa = XCBuildConfiguration;
			buildSettings = {
				ALWAYS_SEARCH_USER_PATHS = NO;
				CLANG_ALLOW_NON_MODULAR_INCLUDES_IN_FRAMEWORK_MODULES = YES;
				CLANG_ANALYZER_NONNULL = YES;
				CLANG_CXX_LANGUAGE_STANDARD = "gnu++0x";
				CLANG_CXX_LIBRARY = "libc++";
				CLANG_ENABLE_MODULES = YES;
				CLANG_ENABLE_OBJC_ARC = YES;
				CLANG_WARN_BOOL_CONVERSION = YES;
				CLANG_WARN_CONSTANT_CONVERSION = YES;
				CLANG_WARN_DIRECT_OBJC_ISA_USAGE = YES_ERROR;
				CLANG_WARN_EMPTY_BODY = YES;
				CLANG_WARN_ENUM_CONVERSION = YES;
				CLANG_WARN_INT_CONVERSION = YES;
				CLANG_WARN_OBJC_ROOT_CLASS = YES_ERROR;
				CLANG_WARN_UNREACHABLE_CODE = YES;
				CLANG_WARN__DUPLICATE_METHOD_MATCH = YES;
				"CODE_SIGN_IDENTITY[sdk=iphoneos*]" = "iPhone Developer";
				COPY_PHASE_STRIP = NO;
				CURRENT_PROJECT_VERSION = 1;
				DEBUG_INFORMATION_FORMAT = dwarf;
				ENABLE_STRICT_OBJC_MSGSEND = YES;
				ENABLE_TESTABILITY = YES;
				GCC_C_LANGUAGE_STANDARD = gnu99;
				GCC_DYNAMIC_NO_PIC = NO;
				GCC_NO_COMMON_BLOCKS = YES;
				GCC_OPTIMIZATION_LEVEL = 0;
				GCC_PREPROCESSOR_DEFINITIONS = (
					"DEBUG=1",
					"$(inherited)",
				);
				GCC_WARN_64_TO_32_BIT_CONVERSION = YES;
				GCC_WARN_ABOUT_RETURN_TYPE = YES_ERROR;
				GCC_WARN_UNDECLARED_SELECTOR = YES;
				GCC_WARN_UNINITIALIZED_AUTOS = YES_AGGRESSIVE;
				GCC_WARN_UNUSED_FUNCTION = YES;
				GCC_WARN_UNUSED_VARIABLE = YES;
				IPHONEOS_DEPLOYMENT_TARGET = 8.0;
				MTL_ENABLE_DEBUG_INFO = YES;
				ONLY_ACTIVE_ARCH = NO;
				SDKROOT = iphoneos;
				SWIFT_INCLUDE_PATHS = "$(SRCROOT)/ReactNativeCameraKit";
				SWIFT_OPTIMIZATION_LEVEL = "-Onone";
				TARGETED_DEVICE_FAMILY = "1,2";
				VERSIONING_SYSTEM = "apple-generic";
				VERSION_INFO_PREFIX = "";
			};
			name = Debug;
		};
		D1BAAEAD1CC675DB00A2B083 /* Release */ = {
			isa = XCBuildConfiguration;
			buildSettings = {
				ALWAYS_SEARCH_USER_PATHS = NO;
				CLANG_ALLOW_NON_MODULAR_INCLUDES_IN_FRAMEWORK_MODULES = YES;
				CLANG_ANALYZER_NONNULL = YES;
				CLANG_CXX_LANGUAGE_STANDARD = "gnu++0x";
				CLANG_CXX_LIBRARY = "libc++";
				CLANG_ENABLE_MODULES = YES;
				CLANG_ENABLE_OBJC_ARC = YES;
				CLANG_WARN_BOOL_CONVERSION = YES;
				CLANG_WARN_CONSTANT_CONVERSION = YES;
				CLANG_WARN_DIRECT_OBJC_ISA_USAGE = YES_ERROR;
				CLANG_WARN_EMPTY_BODY = YES;
				CLANG_WARN_ENUM_CONVERSION = YES;
				CLANG_WARN_INT_CONVERSION = YES;
				CLANG_WARN_OBJC_ROOT_CLASS = YES_ERROR;
				CLANG_WARN_UNREACHABLE_CODE = YES;
				CLANG_WARN__DUPLICATE_METHOD_MATCH = YES;
				"CODE_SIGN_IDENTITY[sdk=iphoneos*]" = "iPhone Developer";
				COPY_PHASE_STRIP = NO;
				CURRENT_PROJECT_VERSION = 1;
				DEBUG_INFORMATION_FORMAT = "dwarf-with-dsym";
				ENABLE_NS_ASSERTIONS = NO;
				ENABLE_STRICT_OBJC_MSGSEND = YES;
				GCC_C_LANGUAGE_STANDARD = gnu99;
				GCC_NO_COMMON_BLOCKS = YES;
				GCC_WARN_64_TO_32_BIT_CONVERSION = YES;
				GCC_WARN_ABOUT_RETURN_TYPE = YES_ERROR;
				GCC_WARN_UNDECLARED_SELECTOR = YES;
				GCC_WARN_UNINITIALIZED_AUTOS = YES_AGGRESSIVE;
				GCC_WARN_UNUSED_FUNCTION = YES;
				GCC_WARN_UNUSED_VARIABLE = YES;
				IPHONEOS_DEPLOYMENT_TARGET = 8.0;
				MTL_ENABLE_DEBUG_INFO = NO;
				ONLY_ACTIVE_ARCH = NO;
				SDKROOT = iphoneos;
				SWIFT_INCLUDE_PATHS = "$(SRCROOT)/ReactNativeCameraKit";
				TARGETED_DEVICE_FAMILY = "1,2";
				VALIDATE_PRODUCT = YES;
				VERSIONING_SYSTEM = "apple-generic";
				VERSION_INFO_PREFIX = "";
			};
			name = Release;
		};
		D1BAAEAF1CC675DB00A2B083 /* Debug */ = {
			isa = XCBuildConfiguration;
			baseConfigurationReference = B8CC214AAA792FC552EDF81B /* Pods-ReactNativeCameraKit.debug.xcconfig */;
			buildSettings = {
				ALWAYS_SEARCH_USER_PATHS = NO;
				CLANG_ALLOW_NON_MODULAR_INCLUDES_IN_FRAMEWORK_MODULES = YES;
				CLANG_ENABLE_MODULES = YES;
				COPY_HEADERS_RUN_UNIFDEF = NO;
				DEFINES_MODULE = YES;
				DYLIB_COMPATIBILITY_VERSION = 1;
				DYLIB_CURRENT_VERSION = 1;
				DYLIB_INSTALL_NAME_BASE = "@rpath";
				HEADER_SEARCH_PATHS = (
					"$(inherited)",
					"$(SRCROOT)/node_modules/react-native/React/**",
				);
				INFOPLIST_FILE = ReactNativeCameraKit/Info.plist;
				INSTALL_PATH = "$(LOCAL_LIBRARY_DIR)/Frameworks";
				IPHONEOS_DEPLOYMENT_TARGET = 8.0;
				LD_RUNPATH_SEARCH_PATHS = "$(inherited) @executable_path/Frameworks @loader_path/Frameworks";
				MODULEMAP_PRIVATE_FILE = "";
				ONLY_ACTIVE_ARCH = NO;
				OTHER_LDFLAGS = (
					"$(inherited)",
					"-framework",
					"\"ImagePickerSheetController\"",
					"-all_load",
					"-ObjC",
				);
				PRODUCT_BUNDLE_IDENTIFIER = Wix.ReactNativeCameraKit;
				PRODUCT_NAME = "$(TARGET_NAME)";
				PUBLIC_HEADERS_FOLDER_PATH = "$(CONTENTS_FOLDER_PATH)/HEADERS";
				SKIP_INSTALL = YES;
				SWIFT_INCLUDE_PATHS = "$(SRCROOT)/ReactNativeCameraKit";
				SWIFT_OPTIMIZATION_LEVEL = "-Onone";
				TARGETED_DEVICE_FAMILY = "1,2";
			};
			name = Debug;
		};
		D1BAAEB01CC675DB00A2B083 /* Release */ = {
			isa = XCBuildConfiguration;
			baseConfigurationReference = AD3B7ABF4FBBA3C6E4FB0FC1 /* Pods-ReactNativeCameraKit.release.xcconfig */;
			buildSettings = {
				ALWAYS_SEARCH_USER_PATHS = NO;
				CLANG_ALLOW_NON_MODULAR_INCLUDES_IN_FRAMEWORK_MODULES = YES;
				CLANG_ENABLE_MODULES = YES;
				COPY_HEADERS_RUN_UNIFDEF = NO;
				DEFINES_MODULE = YES;
				DYLIB_COMPATIBILITY_VERSION = 1;
				DYLIB_CURRENT_VERSION = 1;
				DYLIB_INSTALL_NAME_BASE = "@rpath";
				HEADER_SEARCH_PATHS = (
					"$(inherited)",
					"$(SRCROOT)/node_modules/react-native/React/**",
				);
				INFOPLIST_FILE = ReactNativeCameraKit/Info.plist;
				INSTALL_PATH = "$(LOCAL_LIBRARY_DIR)/Frameworks";
				IPHONEOS_DEPLOYMENT_TARGET = 8.0;
				LD_RUNPATH_SEARCH_PATHS = "$(inherited) @executable_path/Frameworks @loader_path/Frameworks";
				MODULEMAP_PRIVATE_FILE = "";
				ONLY_ACTIVE_ARCH = NO;
				OTHER_LDFLAGS = (
					"$(inherited)",
					"-framework",
					"\"ImagePickerSheetController\"",
					"-all_load",
					"-ObjC",
				);
				PRODUCT_BUNDLE_IDENTIFIER = Wix.ReactNativeCameraKit;
				PRODUCT_NAME = "$(TARGET_NAME)";
				PUBLIC_HEADERS_FOLDER_PATH = "$(CONTENTS_FOLDER_PATH)/HEADERS";
				SKIP_INSTALL = YES;
				SWIFT_INCLUDE_PATHS = "$(SRCROOT)/ReactNativeCameraKit";
				TARGETED_DEVICE_FAMILY = "1,2";
			};
			name = Release;
		};
/* End XCBuildConfiguration section */

/* Begin XCConfigurationList section */
		D196CE651CC8E94A0048EC75 /* Build configuration list for PBXAggregateTarget "ReactNativeCameraKit-Universal" */ = {
			isa = XCConfigurationList;
			buildConfigurations = (
				D196CE621CC8E94A0048EC75 /* Debug */,
				D196CE631CC8E94A0048EC75 /* Release */,
			);
			defaultConfigurationIsVisible = 0;
			defaultConfigurationName = Release;
		};
		D1BAAEA01CC675DA00A2B083 /* Build configuration list for PBXProject "ReactNativeCameraKit" */ = {
			isa = XCConfigurationList;
			buildConfigurations = (
				D1BAAEAC1CC675DB00A2B083 /* Debug */,
				D1BAAEAD1CC675DB00A2B083 /* Release */,
			);
			defaultConfigurationIsVisible = 0;
			defaultConfigurationName = Release;
		};
		D1BAAEAE1CC675DB00A2B083 /* Build configuration list for PBXNativeTarget "ReactNativeCameraKit" */ = {
			isa = XCConfigurationList;
			buildConfigurations = (
				D1BAAEAF1CC675DB00A2B083 /* Debug */,
				D1BAAEB01CC675DB00A2B083 /* Release */,
			);
			defaultConfigurationIsVisible = 0;
			defaultConfigurationName = Release;
		};
/* End XCConfigurationList section */
	};
	rootObject = D1BAAE9D1CC675DA00A2B083 /* Project object */;
}
